
Microsoft Visual Studio Solution File, Format Version 12.00
# Visual Studio Version 16
VisualStudioVersion = 16.0.29728.190
MinimumVisualStudioVersion = 10.0.40219.1
Project("{FAE04EC0-301F-11D3-BF4B-00C04F79EFBC}") = "IndexerTestCSharp", "IndexerTestCSharp\IndexerTestCSharp.csproj", "{C78FA93F-8F31-46F4-B5CE-9673007DAE4A}"
EndProject
Project("{FAE04EC0-301F-11D3-BF4B-00C04F79EFBC}") = "EquationCSharp", "EquationCSharp\EquationCSharp.csproj", "{31F65D98-C5C3-49B1-9925-04BF1E82F7E5}"
EndProject
Project("{8BC9CEB8-8B4A-11D0-8D11-00A0C91BC942}") = "IndexerCPP", "IndexerCPP\IndexerCPP.vcxproj", "{7A7C8488-06D4-4715-B709-72130389AF51}"
EndProject
Project("{8BC9CEB8-8B4A-11D0-8D11-00A0C91BC942}") = "IndexerTestCPP", "IndexerTestCPP\IndexerTestCPP.vcxproj", "{589C9200-B35B-4AC0-A2F6-E4C237D068A6}"
EndProject
Project("{8BC9CEB8-8B4A-11D0-8D11-00A0C91BC942}") = "EquationCPP", "EquationCPP\EquationCPP.vcxproj", "{2162ED8D-4631-4C5C-B2D4-B871464DD805}"
EndProject
Project("{FAE04EC0-301F-11D3-BF4B-00C04F79EFBC}") = "IndexerCSharp", "IndexerCSharp\IndexerCSharp.csproj", "{C736A9D6-6A8C-4D4D-8E0C-6514FBA92155}"
EndProject
Project("{FAE04EC0-301F-11D3-BF4B-00C04F79EFBC}") = "EquationTestCSharp", "EquationTestCSHarp\EquationTestCSharp.csproj", "{44C1FE8D-6853-40DF-A149-D49032DB62F6}"
EndProject
Project("{FAE04EC0-301F-11D3-BF4B-00C04F79EFBC}") = "EquationSystemTestCSharp", "EquationSystemTestCSharp\EquationSystemTestCSharp.csproj", "{A04FB5D9-2AEB-4126-AB71-50F010F0B84A}"
EndProject
Project("{8BC9CEB8-8B4A-11D0-8D11-00A0C91BC942}") = "EquatiomTestCPp", "EquatiomTestCPp\EquatiomTestCPp.vcxproj", "{3EA44591-8FC7-434D-88C5-8D565735867F}"
EndProject
Project("{8BC9CEB8-8B4A-11D0-8D11-00A0C91BC942}") = "EquationSystemTestCPP", "EquationSystemTestCPP\EquationTestCPP.vcxproj", "{5F3B6C27-73FF-4DD7-8437-0FAB9D137EF1}"
EndProject
Global
	GlobalSection(SolutionConfigurationPlatforms) = preSolution
		Debug|Any CPU = Debug|Any CPU
		Debug|x64 = Debug|x64
		Debug|x86 = Debug|x86
		Release|Any CPU = Release|Any CPU
		Release|x64 = Release|x64
		Release|x86 = Release|x86
	EndGlobalSection
	GlobalSection(ProjectConfigurationPlatforms) = postSolution
		{C78FA93F-8F31-46F4-B5CE-9673007DAE4A}.Debug|Any CPU.ActiveCfg = Debug|Any CPU
		{C78FA93F-8F31-46F4-B5CE-9673007DAE4A}.Debug|Any CPU.Build.0 = Debug|Any CPU
		{C78FA93F-8F31-46F4-B5CE-9673007DAE4A}.Debug|x64.ActiveCfg = Debug|Any CPU
		{C78FA93F-8F31-46F4-B5CE-9673007DAE4A}.Debug|x64.Build.0 = Debug|Any CPU
		{C78FA93F-8F31-46F4-B5CE-9673007DAE4A}.Debug|x86.ActiveCfg = Debug|Any CPU
		{C78FA93F-8F31-46F4-B5CE-9673007DAE4A}.Debug|x86.Build.0 = Debug|Any CPU
		{C78FA93F-8F31-46F4-B5CE-9673007DAE4A}.Release|Any CPU.ActiveCfg = Release|Any CPU
		{C78FA93F-8F31-46F4-B5CE-9673007DAE4A}.Release|Any CPU.Build.0 = Release|Any CPU
		{C78FA93F-8F31-46F4-B5CE-9673007DAE4A}.Release|x64.ActiveCfg = Release|Any CPU
		{C78FA93F-8F31-46F4-B5CE-9673007DAE4A}.Release|x64.Build.0 = Release|Any CPU
		{C78FA93F-8F31-46F4-B5CE-9673007DAE4A}.Release|x86.ActiveCfg = Release|Any CPU
		{C78FA93F-8F31-46F4-B5CE-9673007DAE4A}.Release|x86.Build.0 = Release|Any CPU
		{31F65D98-C5C3-49B1-9925-04BF1E82F7E5}.Debug|Any CPU.ActiveCfg = Debug|Any CPU
		{31F65D98-C5C3-49B1-9925-04BF1E82F7E5}.Debug|Any CPU.Build.0 = Debug|Any CPU
		{31F65D98-C5C3-49B1-9925-04BF1E82F7E5}.Debug|x64.ActiveCfg = Debug|Any CPU
		{31F65D98-C5C3-49B1-9925-04BF1E82F7E5}.Debug|x64.Build.0 = Debug|Any CPU
		{31F65D98-C5C3-49B1-9925-04BF1E82F7E5}.Debug|x86.ActiveCfg = Debug|Any CPU
		{31F65D98-C5C3-49B1-9925-04BF1E82F7E5}.Debug|x86.Build.0 = Debug|Any CPU
		{31F65D98-C5C3-49B1-9925-04BF1E82F7E5}.Release|Any CPU.ActiveCfg = Release|Any CPU
		{31F65D98-C5C3-49B1-9925-04BF1E82F7E5}.Release|Any CPU.Build.0 = Release|Any CPU
		{31F65D98-C5C3-49B1-9925-04BF1E82F7E5}.Release|x64.ActiveCfg = Release|Any CPU
		{31F65D98-C5C3-49B1-9925-04BF1E82F7E5}.Release|x64.Build.0 = Release|Any CPU
		{31F65D98-C5C3-49B1-9925-04BF1E82F7E5}.Release|x86.ActiveCfg = Release|Any CPU
		{31F65D98-C5C3-49B1-9925-04BF1E82F7E5}.Release|x86.Build.0 = Release|Any CPU
		{7A7C8488-06D4-4715-B709-72130389AF51}.Debug|Any CPU.ActiveCfg = Debug|Win32
		{7A7C8488-06D4-4715-B709-72130389AF51}.Debug|x64.ActiveCfg = Debug|x64
		{7A7C8488-06D4-4715-B709-72130389AF51}.Debug|x64.Build.0 = Debug|x64
		{7A7C8488-06D4-4715-B709-72130389AF51}.Debug|x86.ActiveCfg = Debug|Win32
		{7A7C8488-06D4-4715-B709-72130389AF51}.Debug|x86.Build.0 = Debug|Win32
		{7A7C8488-06D4-4715-B709-72130389AF51}.Release|Any CPU.ActiveCfg = Release|Win32
		{7A7C8488-06D4-4715-B709-72130389AF51}.Release|x64.ActiveCfg = Release|x64
		{7A7C8488-06D4-4715-B709-72130389AF51}.Release|x64.Build.0 = Release|x64
		{7A7C8488-06D4-4715-B709-72130389AF51}.Release|x86.ActiveCfg = Release|Win32
		{7A7C8488-06D4-4715-B709-72130389AF51}.Release|x86.Build.0 = Release|Win32
		{589C9200-B35B-4AC0-A2F6-E4C237D068A6}.Debug|Any CPU.ActiveCfg = Debug|Win32
		{589C9200-B35B-4AC0-A2F6-E4C237D068A6}.Debug|x64.ActiveCfg = Debug|x64
		{589C9200-B35B-4AC0-A2F6-E4C237D068A6}.Debug|x64.Build.0 = Debug|x64
		{589C9200-B35B-4AC0-A2F6-E4C237D068A6}.Debug|x86.ActiveCfg = Debug|Win32
		{589C9200-B35B-4AC0-A2F6-E4C237D068A6}.Debug|x86.Build.0 = Debug|Win32
		{589C9200-B35B-4AC0-A2F6-E4C237D068A6}.Release|Any CPU.ActiveCfg = Release|Win32
		{589C9200-B35B-4AC0-A2F6-E4C237D068A6}.Release|x64.ActiveCfg = Release|x64
		{589C9200-B35B-4AC0-A2F6-E4C237D068A6}.Release|x64.Build.0 = Release|x64
		{589C9200-B35B-4AC0-A2F6-E4C237D068A6}.Release|x86.ActiveCfg = Release|Win32
		{589C9200-B35B-4AC0-A2F6-E4C237D068A6}.Release|x86.Build.0 = Release|Win32
		{2162ED8D-4631-4C5C-B2D4-B871464DD805}.Debug|Any CPU.ActiveCfg = Debug|Win32
		{2162ED8D-4631-4C5C-B2D4-B871464DD805}.Debug|x64.ActiveCfg = Debug|x64
		{2162ED8D-4631-4C5C-B2D4-B871464DD805}.Debug|x64.Build.0 = Debug|x64
		{2162ED8D-4631-4C5C-B2D4-B871464DD805}.Debug|x86.ActiveCfg = Debug|Win32
		{2162ED8D-4631-4C5C-B2D4-B871464DD805}.Debug|x86.Build.0 = Debug|Win32
		{2162ED8D-4631-4C5C-B2D4-B871464DD805}.Release|Any CPU.ActiveCfg = Release|Win32
		{2162ED8D-4631-4C5C-B2D4-B871464DD805}.Release|x64.ActiveCfg = Release|x64
		{2162ED8D-4631-4C5C-B2D4-B871464DD805}.Release|x64.Build.0 = Release|x64
		{2162ED8D-4631-4C5C-B2D4-B871464DD805}.Release|x86.ActiveCfg = Release|Win32
		{2162ED8D-4631-4C5C-B2D4-B871464DD805}.Release|x86.Build.0 = Release|Win32
		{C736A9D6-6A8C-4D4D-8E0C-6514FBA92155}.Debug|Any CPU.ActiveCfg = Debug|Any CPU
		{C736A9D6-6A8C-4D4D-8E0C-6514FBA92155}.Debug|Any CPU.Build.0 = Debug|Any CPU
		{C736A9D6-6A8C-4D4D-8E0C-6514FBA92155}.Debug|x64.ActiveCfg = Debug|Any CPU
		{C736A9D6-6A8C-4D4D-8E0C-6514FBA92155}.Debug|x64.Build.0 = Debug|Any CPU
		{C736A9D6-6A8C-4D4D-8E0C-6514FBA92155}.Debug|x86.ActiveCfg = Debug|Any CPU
		{C736A9D6-6A8C-4D4D-8E0C-6514FBA92155}.Debug|x86.Build.0 = Debug|Any CPU
		{C736A9D6-6A8C-4D4D-8E0C-6514FBA92155}.Release|Any CPU.ActiveCfg = Release|Any CPU
		{C736A9D6-6A8C-4D4D-8E0C-6514FBA92155}.Release|Any CPU.Build.0 = Release|Any CPU
		{C736A9D6-6A8C-4D4D-8E0C-6514FBA92155}.Release|x64.ActiveCfg = Release|Any CPU
		{C736A9D6-6A8C-4D4D-8E0C-6514FBA92155}.Release|x64.Build.0 = Release|Any CPU
		{C736A9D6-6A8C-4D4D-8E0C-6514FBA92155}.Release|x86.ActiveCfg = Release|Any CPU
		{C736A9D6-6A8C-4D4D-8E0C-6514FBA92155}.Release|x86.Build.0 = Release|Any CPU
		{44C1FE8D-6853-40DF-A149-D49032DB62F6}.Debug|Any CPU.ActiveCfg = Debug|Any CPU
		{44C1FE8D-6853-40DF-A149-D49032DB62F6}.Debug|Any CPU.Build.0 = Debug|Any CPU
		{44C1FE8D-6853-40DF-A149-D49032DB62F6}.Debug|x64.ActiveCfg = Debug|Any CPU
		{44C1FE8D-6853-40DF-A149-D49032DB62F6}.Debug|x64.Build.0 = Debug|Any CPU
		{44C1FE8D-6853-40DF-A149-D49032DB62F6}.Debug|x86.ActiveCfg = Debug|Any CPU
		{44C1FE8D-6853-40DF-A149-D49032DB62F6}.Debug|x86.Build.0 = Debug|Any CPU
		{44C1FE8D-6853-40DF-A149-D49032DB62F6}.Release|Any CPU.ActiveCfg = Release|Any CPU
		{44C1FE8D-6853-40DF-A149-D49032DB62F6}.Release|Any CPU.Build.0 = Release|Any CPU
		{44C1FE8D-6853-40DF-A149-D49032DB62F6}.Release|x64.ActiveCfg = Release|Any CPU
		{44C1FE8D-6853-40DF-A149-D49032DB62F6}.Release|x64.Build.0 = Release|Any CPU
		{44C1FE8D-6853-40DF-A149-D49032DB62F6}.Release|x86.ActiveCfg = Release|Any CPU
		{44C1FE8D-6853-40DF-A149-D49032DB62F6}.Release|x86.Build.0 = Release|Any CPU
		{A04FB5D9-2AEB-4126-AB71-50F010F0B84A}.Debug|Any CPU.ActiveCfg = Debug|Any CPU
		{A04FB5D9-2AEB-4126-AB71-50F010F0B84A}.Debug|Any CPU.Build.0 = Debug|Any CPU
		{A04FB5D9-2AEB-4126-AB71-50F010F0B84A}.Debug|x64.ActiveCfg = Debug|Any CPU
		{A04FB5D9-2AEB-4126-AB71-50F010F0B84A}.Debug|x64.Build.0 = Debug|Any CPU
		{A04FB5D9-2AEB-4126-AB71-50F010F0B84A}.Debug|x86.ActiveCfg = Debug|Any CPU
		{A04FB5D9-2AEB-4126-AB71-50F010F0B84A}.Debug|x86.Build.0 = Debug|Any CPU
		{A04FB5D9-2AEB-4126-AB71-50F010F0B84A}.Release|Any CPU.ActiveCfg = Release|Any CPU
		{A04FB5D9-2AEB-4126-AB71-50F010F0B84A}.Release|Any CPU.Build.0 = Release|Any CPU
		{A04FB5D9-2AEB-4126-AB71-50F010F0B84A}.Release|x64.ActiveCfg = Release|Any CPU
		{A04FB5D9-2AEB-4126-AB71-50F010F0B84A}.Release|x64.Build.0 = Release|Any CPU
		{A04FB5D9-2AEB-4126-AB71-50F010F0B84A}.Release|x86.ActiveCfg = Release|Any CPU
		{A04FB5D9-2AEB-4126-AB71-50F010F0B84A}.Release|x86.Build.0 = Release|Any CPU
		{3EA44591-8FC7-434D-88C5-8D565735867F}.Debug|Any CPU.ActiveCfg = Debug|Win32
		{3EA44591-8FC7-434D-88C5-8D565735867F}.Debug|x64.ActiveCfg = Debug|x64
		{3EA44591-8FC7-434D-88C5-8D565735867F}.Debug|x64.Build.0 = Debug|x64
		{3EA44591-8FC7-434D-88C5-8D565735867F}.Debug|x86.ActiveCfg = Debug|Win32
		{3EA44591-8FC7-434D-88C5-8D565735867F}.Debug|x86.Build.0 = Debug|Win32
		{3EA44591-8FC7-434D-88C5-8D565735867F}.Release|Any CPU.ActiveCfg = Release|Win32
		{3EA44591-8FC7-434D-88C5-8D565735867F}.Release|x64.ActiveCfg = Release|x64
		{3EA44591-8FC7-434D-88C5-8D565735867F}.Release|x64.Build.0 = Release|x64
		{3EA44591-8FC7-434D-88C5-8D565735867F}.Release|x86.ActiveCfg = Release|Win32
		{3EA44591-8FC7-434D-88C5-8D565735867F}.Release|x86.Build.0 = Release|Win32
		{5F3B6C27-73FF-4DD7-8437-0FAB9D137EF1}.Debug|Any CPU.ActiveCfg = Debug|Win32
		{5F3B6C27-73FF-4DD7-8437-0FAB9D137EF1}.Debug|x64.ActiveCfg = Debug|x64
		{5F3B6C27-73FF-4DD7-8437-0FAB9D137EF1}.Debug|x64.Build.0 = Debug|x64
		{5F3B6C27-73FF-4DD7-8437-0FAB9D137EF1}.Debug|x86.ActiveCfg = Debug|Win32
		{5F3B6C27-73FF-4DD7-8437-0FAB9D137EF1}.Debug|x86.Build.0 = Debug|Win32
		{5F3B6C27-73FF-4DD7-8437-0FAB9D137EF1}.Release|Any CPU.ActiveCfg = Release|Win32
		{5F3B6C27-73FF-4DD7-8437-0FAB9D137EF1}.Release|x64.ActiveCfg = Release|x64
		{5F3B6C27-73FF-4DD7-8437-0FAB9D137EF1}.Release|x64.Build.0 = Release|x64
		{5F3B6C27-73FF-4DD7-8437-0FAB9D137EF1}.Release|x86.ActiveCfg = Release|Win32
		{5F3B6C27-73FF-4DD7-8437-0FAB9D137EF1}.Release|x86.Build.0 = Release|Win32
	EndGlobalSection
	GlobalSection(SolutionProperties) = preSolution
		HideSolutionNode = FALSE
	EndGlobalSection
	GlobalSection(ExtensibilityGlobals) = postSolution
		SolutionGuid = {3A1102B0-9031-476B-9AFD-8E50698A1CD7}
	EndGlobalSection
EndGlobal
